
Microsoft Visual Studio Solution File, Format Version 12.00
# Visual Studio Version 17
VisualStudioVersion = 17.0.31903.59
MinimumVisualStudioVersion = 10.0.40219.1
Project("{2150E333-8FDC-42A3-9474-1A3956D46DE8}") = "0-AppService", "0-AppService", "{C65CCC17-7783-41CE-B0A9-3CCB521E2238}"
EndProject
Project("{2150E333-8FDC-42A3-9474-1A3956D46DE8}") = "2-Infra", "2-Infra", "{7BA03C88-4C32-4B94-B20B-5F4B78C34DBF}"
EndProject
Project("{FAE04EC0-301F-11D3-BF4B-00C04F79EFBC}") = "Facilitat.CRUD.API", "Facilitat.CRUD.API\Facilitat.CRUD.API.csproj", "{C54F1C06-63B9-43AB-8B3F-10A0ECD5B18B}"
EndProject
Project("{FAE04EC0-301F-11D3-BF4B-00C04F79EFBC}") = "Facilitat.CRUD.Infra", "Facilitat.CRUD.Infra\Facilitat.CRUD.Infra.csproj", "{17B1F65C-EB45-48FA-A572-233CC0F0362E}"
EndProject
Project("{2150E333-8FDC-42A3-9474-1A3956D46DE8}") = "1-Domain", "1-Domain", "{6EAFF0E1-C20E-4AFF-9756-6912B686F184}"
EndProject
Project("{FAE04EC0-301F-11D3-BF4B-00C04F79EFBC}") = "Facilitat.CRUD.Domain", "Facilitat.CRUD.Domain\Facilitat.CRUD.Domain.csproj", "{EA878EC4-E1DD-4198-B0DC-BD021FD4313C}"
EndProject
Global
	GlobalSection(SolutionConfigurationPlatforms) = preSolution
		Debug|Any CPU = Debug|Any CPU
		Release|Any CPU = Release|Any CPU
	EndGlobalSection
	GlobalSection(SolutionProperties) = preSolution
		HideSolutionNode = FALSE
	EndGlobalSection
	GlobalSection(ProjectConfigurationPlatforms) = postSolution
		{C54F1C06-63B9-43AB-8B3F-10A0ECD5B18B}.Debug|Any CPU.ActiveCfg = Debug|Any CPU
		{C54F1C06-63B9-43AB-8B3F-10A0ECD5B18B}.Debug|Any CPU.Build.0 = Debug|Any CPU
		{C54F1C06-63B9-43AB-8B3F-10A0ECD5B18B}.Release|Any CPU.ActiveCfg = Release|Any CPU
		{C54F1C06-63B9-43AB-8B3F-10A0ECD5B18B}.Release|Any CPU.Build.0 = Release|Any CPU
		{17B1F65C-EB45-48FA-A572-233CC0F0362E}.Debug|Any CPU.ActiveCfg = Debug|Any CPU
		{17B1F65C-EB45-48FA-A572-233CC0F0362E}.Debug|Any CPU.Build.0 = Debug|Any CPU
		{17B1F65C-EB45-48FA-A572-233CC0F0362E}.Release|Any CPU.ActiveCfg = Release|Any CPU
		{17B1F65C-EB45-48FA-A572-233CC0F0362E}.Release|Any CPU.Build.0 = Release|Any CPU
		{EA878EC4-E1DD-4198-B0DC-BD021FD4313C}.Debug|Any CPU.ActiveCfg = Debug|Any CPU
		{EA878EC4-E1DD-4198-B0DC-BD021FD4313C}.Debug|Any CPU.Build.0 = Debug|Any CPU
		{EA878EC4-E1DD-4198-B0DC-BD021FD4313C}.Release|Any CPU.ActiveCfg = Release|Any CPU
		{EA878EC4-E1DD-4198-B0DC-BD021FD4313C}.Release|Any CPU.Build.0 = Release|Any CPU
	EndGlobalSection
	GlobalSection(NestedProjects) = preSolution
		{C54F1C06-63B9-43AB-8B3F-10A0ECD5B18B} = {C65CCC17-7783-41CE-B0A9-3CCB521E2238}
		{17B1F65C-EB45-48FA-A572-233CC0F0362E} = {7BA03C88-4C32-4B94-B20B-5F4B78C34DBF}
		{EA878EC4-E1DD-4198-B0DC-BD021FD4313C} = {6EAFF0E1-C20E-4AFF-9756-6912B686F184}
	EndGlobalSection
EndGlobal
